
Microsoft Visual Studio Solution File, Format Version 12.00
# Visual Studio Version 17
VisualStudioVersion = 17.5.33530.505
MinimumVisualStudioVersion = 10.0.40219.1
Project("{9A19103F-16F7-4668-BE54-9A1E7A4F7556}") = "JuBank", "JuliBank\JuBank.csproj", "{1B5F8CD3-C207-4C5B-977D-1CCD642EA4FC}"
EndProject
Global
	GlobalSection(SolutionConfigurationPlatforms) = preSolution
		Debug|Any CPU = Debug|Any CPU
		Release|Any CPU = Release|Any CPU
	EndGlobalSection
	GlobalSection(ProjectConfigurationPlatforms) = postSolution
		{1B5F8CD3-C207-4C5B-977D-1CCD642EA4FC}.Debug|Any CPU.ActiveCfg = Debug|Any CPU
		{1B5F8CD3-C207-4C5B-977D-1CCD642EA4FC}.Debug|Any CPU.Build.0 = Debug|Any CPU
		{1B5F8CD3-C207-4C5B-977D-1CCD642EA4FC}.Release|Any CPU.ActiveCfg = Release|Any CPU
		{1B5F8CD3-C207-4C5B-977D-1CCD642EA4FC}.Release|Any CPU.Build.0 = Release|Any CPU
	EndGlobalSection
	GlobalSection(SolutionProperties) = preSolution
		HideSolutionNode = FALSE
	EndGlobalSection
	GlobalSection(ExtensibilityGlobals) = postSolution
		SolutionGuid = {F657C573-E131-439A-B9F6-53D5E7C73A9A}
	EndGlobalSection
EndGlobal
