
Microsoft Visual Studio Solution File, Format Version 12.00
# Visual Studio Version 17
VisualStudioVersion = 17.5.33530.505
MinimumVisualStudioVersion = 10.0.40219.1
Project("{9A19103F-16F7-4668-BE54-9A1E7A4F7556}") = "juBank.Modelos", "jubank.Modelos\juBank.Modelos.csproj", "{865DDF97-8A4A-4320-88A8-07FFDA91C044}"
EndProject
Project("{9A19103F-16F7-4668-BE54-9A1E7A4F7556}") = "JuBank", "JuBank\JuBank.csproj", "{91282ABA-6A8A-4C76-9109-28F11C5CAE2F}"
EndProject
Global
	GlobalSection(SolutionConfigurationPlatforms) = preSolution
		Debug|Any CPU = Debug|Any CPU
		Release|Any CPU = Release|Any CPU
	EndGlobalSection
	GlobalSection(ProjectConfigurationPlatforms) = postSolution
		{865DDF97-8A4A-4320-88A8-07FFDA91C044}.Debug|Any CPU.ActiveCfg = Debug|Any CPU
		{865DDF97-8A4A-4320-88A8-07FFDA91C044}.Debug|Any CPU.Build.0 = Debug|Any CPU
		{865DDF97-8A4A-4320-88A8-07FFDA91C044}.Release|Any CPU.ActiveCfg = Release|Any CPU
		{865DDF97-8A4A-4320-88A8-07FFDA91C044}.Release|Any CPU.Build.0 = Release|Any CPU
		{91282ABA-6A8A-4C76-9109-28F11C5CAE2F}.Debug|Any CPU.ActiveCfg = Debug|Any CPU
		{91282ABA-6A8A-4C76-9109-28F11C5CAE2F}.Debug|Any CPU.Build.0 = Debug|Any CPU
		{91282ABA-6A8A-4C76-9109-28F11C5CAE2F}.Release|Any CPU.ActiveCfg = Release|Any CPU
		{91282ABA-6A8A-4C76-9109-28F11C5CAE2F}.Release|Any CPU.Build.0 = Release|Any CPU
	EndGlobalSection
	GlobalSection(SolutionProperties) = preSolution
		HideSolutionNode = FALSE
	EndGlobalSection
	GlobalSection(ExtensibilityGlobals) = postSolution
		SolutionGuid = {F657C573-E131-439A-B9F6-53D5E7C73A9A}
	EndGlobalSection
EndGlobal
